
Microsoft Visual Studio Solution File, Format Version 12.00
# Visual Studio Version 17
VisualStudioVersion = 17.0.32126.317
MinimumVisualStudioVersion = 10.0.40219.1
Project("{FAE04EC0-301F-11D3-BF4B-00C04F79EFBC}") = "Ex1", "Ex1\Ex1.csproj", "{A8949E45-EAF1-4AE6-8208-D12C9BBB4DAD}"
EndProject
Global
	GlobalSection(SolutionConfigurationPlatforms) = preSolution
		Debug|Any CPU = Debug|Any CPU
		Release|Any CPU = Release|Any CPU
	EndGlobalSection
	GlobalSection(ProjectConfigurationPlatforms) = postSolution
		{A8949E45-EAF1-4AE6-8208-D12C9BBB4DAD}.Debug|Any CPU.ActiveCfg = Debug|Any CPU
		{A8949E45-EAF1-4AE6-8208-D12C9BBB4DAD}.Debug|Any CPU.Build.0 = Debug|Any CPU
		{A8949E45-EAF1-4AE6-8208-D12C9BBB4DAD}.Release|Any CPU.ActiveCfg = Release|Any CPU
		{A8949E45-EAF1-4AE6-8208-D12C9BBB4DAD}.Release|Any CPU.Build.0 = Release|Any CPU
	EndGlobalSection
	GlobalSection(SolutionProperties) = preSolution
		HideSolutionNode = FALSE
	EndGlobalSection
	GlobalSection(ExtensibilityGlobals) = postSolution
		SolutionGuid = {4124AB12-9EA4-4716-9E18-5DB28D3637EC}
	EndGlobalSection
EndGlobal
