
Microsoft Visual Studio Solution File, Format Version 12.00
# Visual Studio Version 17
VisualStudioVersion = 17.0.32126.317
MinimumVisualStudioVersion = 10.0.40219.1
Project("{9A19103F-16F7-4668-BE54-9A1E7A4F7556}") = "Ex1", "Ex1\Ex1.csproj", "{A8949E45-EAF1-4AE6-8208-D12C9BBB4DAD}"
EndProject
Project("{9A19103F-16F7-4668-BE54-9A1E7A4F7556}") = "Ex2", "Ex2\Ex2.csproj", "{1CDAD347-B292-466B-8C45-DE5B56DDA6A1}"
EndProject
Project("{9A19103F-16F7-4668-BE54-9A1E7A4F7556}") = "Ex3", "Ex3\Ex3.csproj", "{6F5EF982-CD8C-4AE5-836F-C84206ABDB72}"
EndProject
Project("{9A19103F-16F7-4668-BE54-9A1E7A4F7556}") = "Ex4", "Ex4\Ex4.csproj", "{8F4CEC77-3F09-4102-905B-27C2D032321D}"
EndProject
Project("{9A19103F-16F7-4668-BE54-9A1E7A4F7556}") = "Ex5", "Ex5\Ex5.csproj", "{BF91D690-9DA8-404D-AD6B-48017EF5317E}"
EndProject
Project("{FAE04EC0-301F-11D3-BF4B-00C04F79EFBC}") = "Ex6", "Ex6\Ex6.csproj", "{B1C76A56-2BAB-4DD5-9014-829271B21E76}"
EndProject
Global
	GlobalSection(SolutionConfigurationPlatforms) = preSolution
		Debug|Any CPU = Debug|Any CPU
		Release|Any CPU = Release|Any CPU
	EndGlobalSection
	GlobalSection(ProjectConfigurationPlatforms) = postSolution
		{A8949E45-EAF1-4AE6-8208-D12C9BBB4DAD}.Debug|Any CPU.ActiveCfg = Debug|Any CPU
		{A8949E45-EAF1-4AE6-8208-D12C9BBB4DAD}.Debug|Any CPU.Build.0 = Debug|Any CPU
		{A8949E45-EAF1-4AE6-8208-D12C9BBB4DAD}.Release|Any CPU.ActiveCfg = Release|Any CPU
		{A8949E45-EAF1-4AE6-8208-D12C9BBB4DAD}.Release|Any CPU.Build.0 = Release|Any CPU
		{1CDAD347-B292-466B-8C45-DE5B56DDA6A1}.Debug|Any CPU.ActiveCfg = Debug|Any CPU
		{1CDAD347-B292-466B-8C45-DE5B56DDA6A1}.Debug|Any CPU.Build.0 = Debug|Any CPU
		{1CDAD347-B292-466B-8C45-DE5B56DDA6A1}.Release|Any CPU.ActiveCfg = Release|Any CPU
		{1CDAD347-B292-466B-8C45-DE5B56DDA6A1}.Release|Any CPU.Build.0 = Release|Any CPU
		{6F5EF982-CD8C-4AE5-836F-C84206ABDB72}.Debug|Any CPU.ActiveCfg = Debug|Any CPU
		{6F5EF982-CD8C-4AE5-836F-C84206ABDB72}.Debug|Any CPU.Build.0 = Debug|Any CPU
		{6F5EF982-CD8C-4AE5-836F-C84206ABDB72}.Release|Any CPU.ActiveCfg = Release|Any CPU
		{6F5EF982-CD8C-4AE5-836F-C84206ABDB72}.Release|Any CPU.Build.0 = Release|Any CPU
		{8F4CEC77-3F09-4102-905B-27C2D032321D}.Debug|Any CPU.ActiveCfg = Debug|Any CPU
		{8F4CEC77-3F09-4102-905B-27C2D032321D}.Debug|Any CPU.Build.0 = Debug|Any CPU
		{8F4CEC77-3F09-4102-905B-27C2D032321D}.Release|Any CPU.ActiveCfg = Release|Any CPU
		{8F4CEC77-3F09-4102-905B-27C2D032321D}.Release|Any CPU.Build.0 = Release|Any CPU
		{BF91D690-9DA8-404D-AD6B-48017EF5317E}.Debug|Any CPU.ActiveCfg = Debug|Any CPU
		{BF91D690-9DA8-404D-AD6B-48017EF5317E}.Debug|Any CPU.Build.0 = Debug|Any CPU
		{BF91D690-9DA8-404D-AD6B-48017EF5317E}.Release|Any CPU.ActiveCfg = Release|Any CPU
		{BF91D690-9DA8-404D-AD6B-48017EF5317E}.Release|Any CPU.Build.0 = Release|Any CPU
		{B1C76A56-2BAB-4DD5-9014-829271B21E76}.Debug|Any CPU.ActiveCfg = Debug|Any CPU
		{B1C76A56-2BAB-4DD5-9014-829271B21E76}.Debug|Any CPU.Build.0 = Debug|Any CPU
		{B1C76A56-2BAB-4DD5-9014-829271B21E76}.Release|Any CPU.ActiveCfg = Release|Any CPU
		{B1C76A56-2BAB-4DD5-9014-829271B21E76}.Release|Any CPU.Build.0 = Release|Any CPU
	EndGlobalSection
	GlobalSection(SolutionProperties) = preSolution
		HideSolutionNode = FALSE
	EndGlobalSection
	GlobalSection(ExtensibilityGlobals) = postSolution
		SolutionGuid = {4124AB12-9EA4-4716-9E18-5DB28D3637EC}
	EndGlobalSection
EndGlobal
